// !$*UTF8*$!
{
	archiveVersion = 1;
	classes = {
	};
	objectVersion = 50;
	objects = {

/* Begin PBXBuildFile section */
		34A1788C26578CAC00EA9AFD /* AppDelegate.m in Sources */ = {isa = PBXBuildFile; fileRef = 34A1788B26578CAC00EA9AFD /* AppDelegate.m */; };
		34A1788F26578CAC00EA9AFD /* SceneDelegate.m in Sources */ = {isa = PBXBuildFile; fileRef = 34A1788E26578CAC00EA9AFD /* SceneDelegate.m */; };
		34A1789226578CAC00EA9AFD /* ViewController.m in Sources */ = {isa = PBXBuildFile; fileRef = 34A1789126578CAC00EA9AFD /* ViewController.m */; };
		34A1789526578CAC00EA9AFD /* Main.storyboard in Resources */ = {isa = PBXBuildFile; fileRef = 34A1789326578CAC00EA9AFD /* Main.storyboard */; };
		34A1789726578CAD00EA9AFD /* Assets.xcassets in Resources */ = {isa = PBXBuildFile; fileRef = 34A1789626578CAD00EA9AFD /* Assets.xcassets */; };
		34A1789A26578CAD00EA9AFD /* LaunchScreen.storyboard in Resources */ = {isa = PBXBuildFile; fileRef = 34A1789826578CAD00EA9AFD /* LaunchScreen.storyboard */; };
		34A1789D26578CAD00EA9AFD /* main.m in Sources */ = {isa = PBXBuildFile; fileRef = 34A1789C26578CAD00EA9AFD /* main.m */; };
		34A178A626578D9300EA9AFD /* HelloController.m in Sources */ = {isa = PBXBuildFile; fileRef = 34A178A526578D9300EA9AFD /* HelloController.m */; };
		34A178AA2657907200EA9AFD /* NewHelloConroller.swift in Sources */ = {isa = PBXBuildFile; fileRef = 34A178A92657907200EA9AFD /* NewHelloConroller.swift */; };
/* End PBXBuildFile section */

/* Begin PBXFileReference section */
		34A1788726578CAC00EA9AFD /* OC-Swift-Bridge.app */ = {isa = PBXFileReference; explicitFileType = wrapper.application; includeInIndex = 0; path = "OC-Swift-Bridge.app"; sourceTree = BUILT_PRODUCTS_DIR; };
		34A1788A26578CAC00EA9AFD /* AppDelegate.h */ = {isa = PBXFileReference; lastKnownFileType = sourcecode.c.h; path = AppDelegate.h; sourceTree = "<group>"; };
		34A1788B26578CAC00EA9AFD /* AppDelegate.m */ = {isa = PBXFileReference; lastKnownFileType = sourcecode.c.objc; path = AppDelegate.m; sourceTree = "<group>"; };
		34A1788D26578CAC00EA9AFD /* SceneDelegate.h */ = {isa = PBXFileReference; lastKnownFileType = sourcecode.c.h; path = SceneDelegate.h; sourceTree = "<group>"; };
		34A1788E26578CAC00EA9AFD /* SceneDelegate.m */ = {isa = PBXFileReference; lastKnownFileType = sourcecode.c.objc; path = SceneDelegate.m; sourceTree = "<group>"; };
		34A1789026578CAC00EA9AFD /* ViewController.h */ = {isa = PBXFileReference; lastKnownFileType = sourcecode.c.h; path = ViewController.h; sourceTree = "<group>"; };
		34A1789126578CAC00EA9AFD /* ViewController.m */ = {isa = PBXFileReference; lastKnownFileType = sourcecode.c.objc; path = ViewController.m; sourceTree = "<group>"; };
		34A1789426578CAC00EA9AFD /* Base */ = {isa = PBXFileReference; lastKnownFileType = file.storyboard; name = Base; path = Base.lproj/Main.storyboard; sourceTree = "<group>"; };
		34A1789626578CAD00EA9AFD /* Assets.xcassets */ = {isa = PBXFileReference; lastKnownFileType = folder.assetcatalog; path = Assets.xcassets; sourceTree = "<group>"; };
		34A1789926578CAD00EA9AFD /* Base */ = {isa = PBXFileReference; lastKnownFileType = file.storyboard; name = Base; path = Base.lproj/LaunchScreen.storyboard; sourceTree = "<group>"; };
		34A1789B26578CAD00EA9AFD /* Info.plist */ = {isa = PBXFileReference; lastKnownFileType = text.plist.xml; path = Info.plist; sourceTree = "<group>"; };
		34A1789C26578CAD00EA9AFD /* main.m */ = {isa = PBXFileReference; lastKnownFileType = sourcecode.c.objc; path = main.m; sourceTree = "<group>"; };
		34A178A526578D9300EA9AFD /* HelloController.m */ = {isa = PBXFileReference; lastKnownFileType = sourcecode.c.objc; path = HelloController.m; sourceTree = "<group>"; };
		34A178A726578E3A00EA9AFD /* HelloController.h */ = {isa = PBXFileReference; lastKnownFileType = sourcecode.c.h; path = HelloController.h; sourceTree = "<group>"; };
		34A178A82657907100EA9AFD /* OC-Swift-Bridge-Bridging-Header.h */ = {isa = PBXFileReference; lastKnownFileType = sourcecode.c.h; path = "OC-Swift-Bridge-Bridging-Header.h"; sourceTree = "<group>"; };
		34A178A92657907200EA9AFD /* NewHelloConroller.swift */ = {isa = PBXFileReference; lastKnownFileType = sourcecode.swift; path = NewHelloConroller.swift; sourceTree = "<group>"; };
		34A178AC265798AD00EA9AFD /* README.md */ = {isa = PBXFileReference; lastKnownFileType = net.daringfireball.markdown; path = README.md; sourceTree = "<group>"; };
/* End PBXFileReference section */

/* Begin PBXFrameworksBuildPhase section */
		34A1788426578CAC00EA9AFD /* Frameworks */ = {
			isa = PBXFrameworksBuildPhase;
			buildActionMask = 2147483647;
			files = (
			);
			runOnlyForDeploymentPostprocessing = 0;
		};
/* End PBXFrameworksBuildPhase section */

/* Begin PBXGroup section */
		34A1787E26578CAC00EA9AFD = {
			isa = PBXGroup;
			children = (
				34A1788926578CAC00EA9AFD /* OC-Swift-Bridge */,
				34A178AC265798AD00EA9AFD /* README.md */,
				34A1788826578CAC00EA9AFD /* Products */,
			);
			sourceTree = "<group>";
		};
		34A1788826578CAC00EA9AFD /* Products */ = {
			isa = PBXGroup;
			children = (
				34A1788726578CAC00EA9AFD /* OC-Swift-Bridge.app */,
			);
			name = Products;
			sourceTree = "<group>";
		};
		34A1788926578CAC00EA9AFD /* OC-Swift-Bridge */ = {
			isa = PBXGroup;
			children = (
				34A178AB265797DF00EA9AFD /* BootStrap */,
				34A178A426578D1800EA9AFD /* Swift */,
				34A178A326578D1000EA9AFD /* OC */,
				34A1789326578CAC00EA9AFD /* Main.storyboard */,
				34A1789626578CAD00EA9AFD /* Assets.xcassets */,
				34A1789826578CAD00EA9AFD /* LaunchScreen.storyboard */,
				34A1789B26578CAD00EA9AFD /* Info.plist */,
			);
			path = "OC-Swift-Bridge";
			sourceTree = "<group>";
		};
		34A178A326578D1000EA9AFD /* OC */ = {
			isa = PBXGroup;
			children = (
				34A1789026578CAC00EA9AFD /* ViewController.h */,
				34A1789126578CAC00EA9AFD /* ViewController.m */,
				34A178A726578E3A00EA9AFD /* HelloController.h */,
				34A178A526578D9300EA9AFD /* HelloController.m */,
			);
			path = OC;
			sourceTree = "<group>";
		};
		34A178A426578D1800EA9AFD /* Swift */ = {
			isa = PBXGroup;
			children = (
				34A178A92657907200EA9AFD /* NewHelloConroller.swift */,
				34A178A82657907100EA9AFD /* OC-Swift-Bridge-Bridging-Header.h */,
			);
			path = Swift;
			sourceTree = "<group>";
		};
		34A178AB265797DF00EA9AFD /* BootStrap */ = {
			isa = PBXGroup;
			children = (
				34A1789C26578CAD00EA9AFD /* main.m */,
				34A1788A26578CAC00EA9AFD /* AppDelegate.h */,
				34A1788B26578CAC00EA9AFD /* AppDelegate.m */,
				34A1788D26578CAC00EA9AFD /* SceneDelegate.h */,
				34A1788E26578CAC00EA9AFD /* SceneDelegate.m */,
			);
			path = BootStrap;
			sourceTree = "<group>";
		};
/* End PBXGroup section */

/* Begin PBXNativeTarget section */
		34A1788626578CAC00EA9AFD /* OC-Swift-Bridge */ = {
			isa = PBXNativeTarget;
			buildConfigurationList = 34A178A026578CAD00EA9AFD /* Build configuration list for PBXNativeTarget "OC-Swift-Bridge" */;
			buildPhases = (
				34A1788326578CAC00EA9AFD /* Sources */,
				34A1788426578CAC00EA9AFD /* Frameworks */,
				34A1788526578CAC00EA9AFD /* Resources */,
			);
			buildRules = (
			);
			dependencies = (
			);
			name = "OC-Swift-Bridge";
			productName = "OC-Swift-Bridge";
			productReference = 34A1788726578CAC00EA9AFD /* OC-Swift-Bridge.app */;
			productType = "com.apple.product-type.application";
		};
/* End PBXNativeTarget section */

/* Begin PBXProject section */
		34A1787F26578CAC00EA9AFD /* Project object */ = {
			isa = PBXProject;
			attributes = {
				LastUpgradeCheck = 1250;
				TargetAttributes = {
					34A1788626578CAC00EA9AFD = {
						CreatedOnToolsVersion = 12.5;
						LastSwiftMigration = 1250;
					};
				};
			};
			buildConfigurationList = 34A1788226578CAC00EA9AFD /* Build configuration list for PBXProject "OC-Swift-Bridge" */;
			compatibilityVersion = "Xcode 9.3";
			developmentRegion = en;
			hasScannedForEncodings = 0;
			knownRegions = (
				en,
				Base,
			);
			mainGroup = 34A1787E26578CAC00EA9AFD;
			productRefGroup = 34A1788826578CAC00EA9AFD /* Products */;
			projectDirPath = "";
			projectRoot = "";
			targets = (
				34A1788626578CAC00EA9AFD /* OC-Swift-Bridge */,
			);
		};
/* End PBXProject section */

/* Begin PBXResourcesBuildPhase section */
		34A1788526578CAC00EA9AFD /* Resources */ = {
			isa = PBXResourcesBuildPhase;
			buildActionMask = 2147483647;
			files = (
				34A1789A26578CAD00EA9AFD /* LaunchScreen.storyboard in Resources */,
				34A1789726578CAD00EA9AFD /* Assets.xcassets in Resources */,
				34A1789526578CAC00EA9AFD /* Main.storyboard in Resources */,
			);
			runOnlyForDeploymentPostprocessing = 0;
		};
/* End PBXResourcesBuildPhase section */

/* Begin PBXSourcesBuildPhase section */
		34A1788326578CAC00EA9AFD /* Sources */ = {
			isa = PBXSourcesBuildPhase;
			buildActionMask = 2147483647;
			files = (
				34A1789226578CAC00EA9AFD /* ViewController.m in Sources */,
				34A1788C26578CAC00EA9AFD /* AppDelegate.m in Sources */,
				34A178AA2657907200EA9AFD /* NewHelloConroller.swift in Sources */,
				34A1789D26578CAD00EA9AFD /* main.m in Sources */,
				34A178A626578D9300EA9AFD /* HelloController.m in Sources */,
				34A1788F26578CAC00EA9AFD /* SceneDelegate.m in Sources */,
			);
			runOnlyForDeploymentPostprocessing = 0;
		};
/* End PBXSourcesBuildPhase section */

/* Begin PBXVariantGroup section */
		34A1789326578CAC00EA9AFD /* Main.storyboard */ = {
			isa = PBXVariantGroup;
			children = (
				34A1789426578CAC00EA9AFD /* Base */,
			);
			name = Main.storyboard;
			sourceTree = "<group>";
		};
		34A1789826578CAD00EA9AFD /* LaunchScreen.storyboard */ = {
			isa = PBXVariantGroup;
			children = (
				34A1789926578CAD00EA9AFD /* Base */,
			);
			name = LaunchScreen.storyboard;
			sourceTree = "<group>";
		};
/* End PBXVariantGroup section */

/* Begin XCBuildConfiguration section */
		34A1789E26578CAD00EA9AFD /* Debug */ = {
			isa = XCBuildConfiguration;
			buildSettings = {
				ALWAYS_SEARCH_USER_PATHS = NO;
				CLANG_ANALYZER_NONNULL = YES;
				CLANG_ANALYZER_NUMBER_OBJECT_CONVERSION = YES_AGGRESSIVE;
				CLANG_CXX_LANGUAGE_STANDARD = "gnu++14";
				CLANG_CXX_LIBRARY = "libc++";
				CLANG_ENABLE_MODULES = YES;
				CLANG_ENABLE_OBJC_ARC = YES;
				CLANG_ENABLE_OBJC_WEAK = YES;
				CLANG_WARN_BLOCK_CAPTURE_AUTORELEASING = YES;
				CLANG_WARN_BOOL_CONVERSION = YES;
				CLANG_WARN_COMMA = YES;
				CLANG_WARN_CONSTANT_CONVERSION = YES;
				CLANG_WARN_DEPRECATED_OBJC_IMPLEMENTATIONS = YES;
				CLANG_WARN_DIRECT_OBJC_ISA_USAGE = YES_ERROR;
				CLANG_WARN_DOCUMENTATION_COMMENTS = YES;
				CLANG_WARN_EMPTY_BODY = YES;
				CLANG_WARN_ENUM_CONVERSION = YES;
				CLANG_WARN_INFINITE_RECURSION = YES;
				CLANG_WARN_INT_CONVERSION = YES;
				CLANG_WARN_NON_LITERAL_NULL_CONVERSION = YES;
				CLANG_WARN_OBJC_IMPLICIT_RETAIN_SELF = YES;
				CLANG_WARN_OBJC_LITERAL_CONVERSION = YES;
				CLANG_WARN_OBJC_ROOT_CLASS = YES_ERROR;
				CLANG_WARN_QUOTED_INCLUDE_IN_FRAMEWORK_HEADER = YES;
				CLANG_WARN_RANGE_LOOP_ANALYSIS = YES;
				CLANG_WARN_STRICT_PROTOTYPES = YES;
				CLANG_WARN_SUSPICIOUS_MOVE = YES;
				CLANG_WARN_UNGUARDED_AVAILABILITY = YES_AGGRESSIVE;
				CLANG_WARN_UNREACHABLE_CODE = YES;
				CLANG_WARN__DUPLICATE_METHOD_MATCH = YES;
				COPY_PHASE_STRIP = NO;
				DEBUG_INFORMATION_FORMAT = dwarf;
				ENABLE_STRICT_OBJC_MSGSEND = YES;
				ENABLE_TESTABILITY = YES;
				GCC_C_LANGUAGE_STANDARD = gnu11;
				GCC_DYNAMIC_NO_PIC = NO;
				GCC_NO_COMMON_BLOCKS = YES;
				GCC_OPTIMIZATION_LEVEL = 0;
				GCC_PREPROCESSOR_DEFINITIONS = (
					"DEBUG=1",
					"$(inherited)",
				);
				GCC_WARN_64_TO_32_BIT_CONVERSION = YES;
				GCC_WARN_ABOUT_RETURN_TYPE = YES_ERROR;
				GCC_WARN_UNDECLARED_SELECTOR = YES;
				GCC_WARN_UNINITIALIZED_AUTOS = YES_AGGRESSIVE;
				GCC_WARN_UNUSED_FUNCTION = YES;
				GCC_WARN_UNUSED_VARIABLE = YES;
				IPHONEOS_DEPLOYMENT_TARGET = 14.5;
				MTL_ENABLE_DEBUG_INFO = INCLUDE_SOURCE;
				MTL_FAST_MATH = YES;
				ONLY_ACTIVE_ARCH = YES;
				SDKROOT = iphoneos;
			};
			name = Debug;
		};
		34A1789F26578CAD00EA9AFD /* Release */ = {
			isa = XCBuildConfiguration;
			buildSettings = {
				ALWAYS_SEARCH_USER_PATHS = NO;
				CLANG_ANALYZER_NONNULL = YES;
				CLANG_ANALYZER_NUMBER_OBJECT_CONVERSION = YES_AGGRESSIVE;
				CLANG_CXX_LANGUAGE_STANDARD = "gnu++14";
				CLANG_CXX_LIBRARY = "libc++";
				CLANG_ENABLE_MODULES = YES;
				CLANG_ENABLE_OBJC_ARC = YES;
				CLANG_ENABLE_OBJC_WEAK = YES;
				CLANG_WARN_BLOCK_CAPTURE_AUTORELEASING = YES;
				CLANG_WARN_BOOL_CONVERSION = YES;
				CLANG_WARN_COMMA = YES;
				CLANG_WARN_CONSTANT_CONVERSION = YES;
				CLANG_WARN_DEPRECATED_OBJC_IMPLEMENTATIONS = YES;
				CLANG_WARN_DIRECT_OBJC_ISA_USAGE = YES_ERROR;
				CLANG_WARN_DOCUMENTATION_COMMENTS = YES;
				CLANG_WARN_EMPTY_BODY = YES;
				CLANG_WARN_ENUM_CONVERSION = YES;
				CLANG_WARN_INFINITE_RECURSION = YES;
				CLANG_WARN_INT_CONVERSION = YES;
				CLANG_WARN_NON_LITERAL_NULL_CONVERSION = YES;
				CLANG_WARN_OBJC_IMPLICIT_RETAIN_SELF = YES;
				CLANG_WARN_OBJC_LITERAL_CONVERSION = YES;
				CLANG_WARN_OBJC_ROOT_CLASS = YES_ERROR;
				CLANG_WARN_QUOTED_INCLUDE_IN_FRAMEWORK_HEADER = YES;
				CLANG_WARN_RANGE_LOOP_ANALYSIS = YES;
				CLANG_WARN_STRICT_PROTOTYPES = YES;
				CLANG_WARN_SUSPICIOUS_MOVE = YES;
				CLANG_WARN_UNGUARDED_AVAILABILITY = YES_AGGRESSIVE;
				CLANG_WARN_UNREACHABLE_CODE = YES;
				CLANG_WARN__DUPLICATE_METHOD_MATCH = YES;
				COPY_PHASE_STRIP = NO;
				DEBUG_INFORMATION_FORMAT = "dwarf-with-dsym";
				ENABLE_NS_ASSERTIONS = NO;
				ENABLE_STRICT_OBJC_MSGSEND = YES;
				GCC_C_LANGUAGE_STANDARD = gnu11;
				GCC_NO_COMMON_BLOCKS = YES;
				GCC_WARN_64_TO_32_BIT_CONVERSION = YES;
				GCC_WARN_ABOUT_RETURN_TYPE = YES_ERROR;
				GCC_WARN_UNDECLARED_SELECTOR = YES;
				GCC_WARN_UNINITIALIZED_AUTOS = YES_AGGRESSIVE;
				GCC_WARN_UNUSED_FUNCTION = YES;
				GCC_WARN_UNUSED_VARIABLE = YES;
				IPHONEOS_DEPLOYMENT_TARGET = 14.5;
				MTL_ENABLE_DEBUG_INFO = NO;
				MTL_FAST_MATH = YES;
				SDKROOT = iphoneos;
				VALIDATE_PRODUCT = YES;
			};
			name = Release;
		};
		34A178A126578CAD00EA9AFD /* Debug */ = {
			isa = XCBuildConfiguration;
			buildSettings = {
				ASSETCATALOG_COMPILER_APPICON_NAME = AppIcon;
				ASSETCATALOG_COMPILER_GLOBAL_ACCENT_COLOR_NAME = AccentColor;
				CLANG_ENABLE_MODULES = YES;
				CODE_SIGN_STYLE = Automatic;
				INFOPLIST_FILE = "OC-Swift-Bridge/Info.plist";
				LD_RUNPATH_SEARCH_PATHS = (
					"$(inherited)",
					"@executable_path/Frameworks",
				);
				PRODUCT_BUNDLE_IDENTIFIER = "babybus.OC-Swift-Bridge";
				PRODUCT_NAME = "$(TARGET_NAME)";
				SWIFT_OBJC_BRIDGING_HEADER = "OC-Swift-Bridge/Swift/OC-Swift-Bridge-Bridging-Header.h";
				SWIFT_OPTIMIZATION_LEVEL = "-Onone";
				SWIFT_VERSION = 5.0;
				TARGETED_DEVICE_FAMILY = "1,2";
			};
			name = Debug;
		};
		34A178A226578CAD00EA9AFD /* Release */ = {
			isa = XCBuildConfiguration;
			buildSettings = {
				ASSETCATALOG_COMPILER_APPICON_NAME = AppIcon;
				ASSETCATALOG_COMPILER_GLOBAL_ACCENT_COLOR_NAME = AccentColor;
				CLANG_ENABLE_MODULES = YES;
				CODE_SIGN_STYLE = Automatic;
				INFOPLIST_FILE = "OC-Swift-Bridge/Info.plist";
				LD_RUNPATH_SEARCH_PATHS = (
					"$(inherited)",
					"@executable_path/Frameworks",
				);
				PRODUCT_BUNDLE_IDENTIFIER = "babybus.OC-Swift-Bridge";
				PRODUCT_NAME = "$(TARGET_NAME)";
				SWIFT_OBJC_BRIDGING_HEADER = "OC-Swift-Bridge/Swift/OC-Swift-Bridge-Bridging-Header.h";
				SWIFT_VERSION = 5.0;
				TARGETED_DEVICE_FAMILY = "1,2";
			};
			name = Release;
		};
/* End XCBuildConfiguration section */

/* Begin XCConfigurationList section */
		34A1788226578CAC00EA9AFD /* Build configuration list for PBXProject "OC-Swift-Bridge" */ = {
			isa = XCConfigurationList;
			buildConfigurations = (
				34A1789E26578CAD00EA9AFD /* Debug */,
				34A1789F26578CAD00EA9AFD /* Release */,
			);
			defaultConfigurationIsVisible = 0;
			defaultConfigurationName = Release;
		};
		34A178A026578CAD00EA9AFD /* Build configuration list for PBXNativeTarget "OC-Swift-Bridge" */ = {
			isa = XCConfigurationList;
			buildConfigurations = (
				34A178A126578CAD00EA9AFD /* Debug */,
				34A178A226578CAD00EA9AFD /* Release */,
			);
			defaultConfigurationIsVisible = 0;
			defaultConfigurationName = Release;
		};
/* End XCConfigurationList section */
	};
	rootObject = 34A1787F26578CAC00EA9AFD /* Project object */;
}
