// !$*UTF8*$!
{
	archiveVersion = 1;
	classes = {
	};
	objectVersion = 52;
	objects = {

/* Begin PBXBuildFile section */
		342F76942652161600983BF3 /* HDGSMyHomeCollectionSectionTitleView.swift in Sources */ = {isa = PBXBuildFile; fileRef = 342F76932652161600983BF3 /* HDGSMyHomeCollectionSectionTitleView.swift */; };
		347D0D40264E2142009C757A /* SDWebImage in Frameworks */ = {isa = PBXBuildFile; productRef = 347D0D3F264E2142009C757A /* SDWebImage */; };
		34888C68264CE8C7004E69E2 /* AppDelegate.swift in Sources */ = {isa = PBXBuildFile; fileRef = 34888C67264CE8C7004E69E2 /* AppDelegate.swift */; };
		34888C6A264CE8C7004E69E2 /* SceneDelegate.swift in Sources */ = {isa = PBXBuildFile; fileRef = 34888C69264CE8C7004E69E2 /* SceneDelegate.swift */; };
		34888C6C264CE8C7004E69E2 /* ViewController.swift in Sources */ = {isa = PBXBuildFile; fileRef = 34888C6B264CE8C7004E69E2 /* ViewController.swift */; };
		34888C6F264CE8C7004E69E2 /* Main.storyboard in Resources */ = {isa = PBXBuildFile; fileRef = 34888C6D264CE8C7004E69E2 /* Main.storyboard */; };
		34888C71264CE8C8004E69E2 /* Assets.xcassets in Resources */ = {isa = PBXBuildFile; fileRef = 34888C70264CE8C8004E69E2 /* Assets.xcassets */; };
		34888C74264CE8C8004E69E2 /* LaunchScreen.storyboard in Resources */ = {isa = PBXBuildFile; fileRef = 34888C72264CE8C8004E69E2 /* LaunchScreen.storyboard */; };
		34888C7D264CE987004E69E2 /* HDGSMyHomeViewController.swift in Sources */ = {isa = PBXBuildFile; fileRef = 34888C7C264CE987004E69E2 /* HDGSMyHomeViewController.swift */; };
		34888C80264CEE27004E69E2 /* HDGSMyHomeCollectionCellView.swift in Sources */ = {isa = PBXBuildFile; fileRef = 34888C7F264CEE27004E69E2 /* HDGSMyHomeCollectionCellView.swift */; };
		34888C83264CF79F004E69E2 /* HDGSMyHomeCollectionCellModel.swift in Sources */ = {isa = PBXBuildFile; fileRef = 34888C82264CF79F004E69E2 /* HDGSMyHomeCollectionCellModel.swift */; };
		34888C86264CFF71004E69E2 /* HDGSMyHomeMock.swift in Sources */ = {isa = PBXBuildFile; fileRef = 34888C85264CFF71004E69E2 /* HDGSMyHomeMock.swift */; };
/* End PBXBuildFile section */

/* Begin PBXFileReference section */
		342F76932652161600983BF3 /* HDGSMyHomeCollectionSectionTitleView.swift */ = {isa = PBXFileReference; lastKnownFileType = sourcecode.swift; path = HDGSMyHomeCollectionSectionTitleView.swift; sourceTree = "<group>"; };
		34888C64264CE8C7004E69E2 /* GSHome.app */ = {isa = PBXFileReference; explicitFileType = wrapper.application; includeInIndex = 0; path = GSHome.app; sourceTree = BUILT_PRODUCTS_DIR; };
		34888C67264CE8C7004E69E2 /* AppDelegate.swift */ = {isa = PBXFileReference; lastKnownFileType = sourcecode.swift; path = AppDelegate.swift; sourceTree = "<group>"; };
		34888C69264CE8C7004E69E2 /* SceneDelegate.swift */ = {isa = PBXFileReference; lastKnownFileType = sourcecode.swift; path = SceneDelegate.swift; sourceTree = "<group>"; };
		34888C6B264CE8C7004E69E2 /* ViewController.swift */ = {isa = PBXFileReference; lastKnownFileType = sourcecode.swift; path = ViewController.swift; sourceTree = "<group>"; };
		34888C6E264CE8C7004E69E2 /* Base */ = {isa = PBXFileReference; lastKnownFileType = file.storyboard; name = Base; path = Base.lproj/Main.storyboard; sourceTree = "<group>"; };
		34888C70264CE8C8004E69E2 /* Assets.xcassets */ = {isa = PBXFileReference; lastKnownFileType = folder.assetcatalog; path = Assets.xcassets; sourceTree = "<group>"; };
		34888C73264CE8C8004E69E2 /* Base */ = {isa = PBXFileReference; lastKnownFileType = file.storyboard; name = Base; path = Base.lproj/LaunchScreen.storyboard; sourceTree = "<group>"; };
		34888C75264CE8C8004E69E2 /* Info.plist */ = {isa = PBXFileReference; lastKnownFileType = text.plist.xml; path = Info.plist; sourceTree = "<group>"; };
		34888C7C264CE987004E69E2 /* HDGSMyHomeViewController.swift */ = {isa = PBXFileReference; lastKnownFileType = sourcecode.swift; path = HDGSMyHomeViewController.swift; sourceTree = "<group>"; };
		34888C7F264CEE27004E69E2 /* HDGSMyHomeCollectionCellView.swift */ = {isa = PBXFileReference; lastKnownFileType = sourcecode.swift; path = HDGSMyHomeCollectionCellView.swift; sourceTree = "<group>"; };
		34888C82264CF79F004E69E2 /* HDGSMyHomeCollectionCellModel.swift */ = {isa = PBXFileReference; lastKnownFileType = sourcecode.swift; path = HDGSMyHomeCollectionCellModel.swift; sourceTree = "<group>"; };
		34888C85264CFF71004E69E2 /* HDGSMyHomeMock.swift */ = {isa = PBXFileReference; lastKnownFileType = sourcecode.swift; path = HDGSMyHomeMock.swift; sourceTree = "<group>"; };
/* End PBXFileReference section */

/* Begin PBXFrameworksBuildPhase section */
		34888C61264CE8C7004E69E2 /* Frameworks */ = {
			isa = PBXFrameworksBuildPhase;
			buildActionMask = 2147483647;
			files = (
				347D0D40264E2142009C757A /* SDWebImage in Frameworks */,
			);
			runOnlyForDeploymentPostprocessing = 0;
		};
/* End PBXFrameworksBuildPhase section */

/* Begin PBXGroup section */
		34888C5B264CE8C7004E69E2 = {
			isa = PBXGroup;
			children = (
				34888C66264CE8C7004E69E2 /* GSHome */,
				34888C65264CE8C7004E69E2 /* Products */,
			);
			sourceTree = "<group>";
		};
		34888C65264CE8C7004E69E2 /* Products */ = {
			isa = PBXGroup;
			children = (
				34888C64264CE8C7004E69E2 /* GSHome.app */,
			);
			name = Products;
			sourceTree = "<group>";
		};
		34888C66264CE8C7004E69E2 /* GSHome */ = {
			isa = PBXGroup;
			children = (
				34888C84264CFF54004E69E2 /* Mock */,
				34888C81264CF77E004E69E2 /* Model */,
				34888C7E264CEDF3004E69E2 /* View */,
				34888C7B264CE95F004E69E2 /* Controller */,
				34888C67264CE8C7004E69E2 /* AppDelegate.swift */,
				34888C69264CE8C7004E69E2 /* SceneDelegate.swift */,
				34888C6B264CE8C7004E69E2 /* ViewController.swift */,
				34888C6D264CE8C7004E69E2 /* Main.storyboard */,
				34888C70264CE8C8004E69E2 /* Assets.xcassets */,
				34888C72264CE8C8004E69E2 /* LaunchScreen.storyboard */,
				34888C75264CE8C8004E69E2 /* Info.plist */,
			);
			path = GSHome;
			sourceTree = "<group>";
		};
		34888C7B264CE95F004E69E2 /* Controller */ = {
			isa = PBXGroup;
			children = (
				34888C7C264CE987004E69E2 /* HDGSMyHomeViewController.swift */,
			);
			path = Controller;
			sourceTree = "<group>";
		};
		34888C7E264CEDF3004E69E2 /* View */ = {
			isa = PBXGroup;
			children = (
				34888C7F264CEE27004E69E2 /* HDGSMyHomeCollectionCellView.swift */,
				342F76932652161600983BF3 /* HDGSMyHomeCollectionSectionTitleView.swift */,
			);
			path = View;
			sourceTree = "<group>";
		};
		34888C81264CF77E004E69E2 /* Model */ = {
			isa = PBXGroup;
			children = (
				34888C82264CF79F004E69E2 /* HDGSMyHomeCollectionCellModel.swift */,
			);
			path = Model;
			sourceTree = "<group>";
		};
		34888C84264CFF54004E69E2 /* Mock */ = {
			isa = PBXGroup;
			children = (
				34888C85264CFF71004E69E2 /* HDGSMyHomeMock.swift */,
			);
			path = Mock;
			sourceTree = "<group>";
		};
/* End PBXGroup section */

/* Begin PBXNativeTarget section */
		34888C63264CE8C7004E69E2 /* GSHome */ = {
			isa = PBXNativeTarget;
			buildConfigurationList = 34888C78264CE8C8004E69E2 /* Build configuration list for PBXNativeTarget "GSHome" */;
			buildPhases = (
				34888C60264CE8C7004E69E2 /* Sources */,
				34888C61264CE8C7004E69E2 /* Frameworks */,
				34888C62264CE8C7004E69E2 /* Resources */,
			);
			buildRules = (
			);
			dependencies = (
			);
			name = GSHome;
			packageProductDependencies = (
				347D0D3F264E2142009C757A /* SDWebImage */,
			);
			productName = GSHome;
			productReference = 34888C64264CE8C7004E69E2 /* GSHome.app */;
			productType = "com.apple.product-type.application";
		};
/* End PBXNativeTarget section */

/* Begin PBXProject section */
		34888C5C264CE8C7004E69E2 /* Project object */ = {
			isa = PBXProject;
			attributes = {
				LastSwiftUpdateCheck = 1250;
				LastUpgradeCheck = 1250;
				TargetAttributes = {
					34888C63264CE8C7004E69E2 = {
						CreatedOnToolsVersion = 12.5;
					};
				};
			};
			buildConfigurationList = 34888C5F264CE8C7004E69E2 /* Build configuration list for PBXProject "GSHome" */;
			compatibilityVersion = "Xcode 9.3";
			developmentRegion = en;
			hasScannedForEncodings = 0;
			knownRegions = (
				en,
				Base,
			);
			mainGroup = 34888C5B264CE8C7004E69E2;
			packageReferences = (
				347D0D3E264E2142009C757A /* XCRemoteSwiftPackageReference "SDWebImage" */,
			);
			productRefGroup = 34888C65264CE8C7004E69E2 /* Products */;
			projectDirPath = "";
			projectRoot = "";
			targets = (
				34888C63264CE8C7004E69E2 /* GSHome */,
			);
		};
/* End PBXProject section */

/* Begin PBXResourcesBuildPhase section */
		34888C62264CE8C7004E69E2 /* Resources */ = {
			isa = PBXResourcesBuildPhase;
			buildActionMask = 2147483647;
			files = (
				34888C74264CE8C8004E69E2 /* LaunchScreen.storyboard in Resources */,
				34888C71264CE8C8004E69E2 /* Assets.xcassets in Resources */,
				34888C6F264CE8C7004E69E2 /* Main.storyboard in Resources */,
			);
			runOnlyForDeploymentPostprocessing = 0;
		};
/* End PBXResourcesBuildPhase section */

/* Begin PBXSourcesBuildPhase section */
		34888C60264CE8C7004E69E2 /* Sources */ = {
			isa = PBXSourcesBuildPhase;
			buildActionMask = 2147483647;
			files = (
				342F76942652161600983BF3 /* HDGSMyHomeCollectionSectionTitleView.swift in Sources */,
				34888C83264CF79F004E69E2 /* HDGSMyHomeCollectionCellModel.swift in Sources */,
				34888C80264CEE27004E69E2 /* HDGSMyHomeCollectionCellView.swift in Sources */,
				34888C86264CFF71004E69E2 /* HDGSMyHomeMock.swift in Sources */,
				34888C6C264CE8C7004E69E2 /* ViewController.swift in Sources */,
				34888C7D264CE987004E69E2 /* HDGSMyHomeViewController.swift in Sources */,
				34888C68264CE8C7004E69E2 /* AppDelegate.swift in Sources */,
				34888C6A264CE8C7004E69E2 /* SceneDelegate.swift in Sources */,
			);
			runOnlyForDeploymentPostprocessing = 0;
		};
/* End PBXSourcesBuildPhase section */

/* Begin PBXVariantGroup section */
		34888C6D264CE8C7004E69E2 /* Main.storyboard */ = {
			isa = PBXVariantGroup;
			children = (
				34888C6E264CE8C7004E69E2 /* Base */,
			);
			name = Main.storyboard;
			sourceTree = "<group>";
		};
		34888C72264CE8C8004E69E2 /* LaunchScreen.storyboard */ = {
			isa = PBXVariantGroup;
			children = (
				34888C73264CE8C8004E69E2 /* Base */,
			);
			name = LaunchScreen.storyboard;
			sourceTree = "<group>";
		};
/* End PBXVariantGroup section */

/* Begin XCBuildConfiguration section */
		34888C76264CE8C8004E69E2 /* Debug */ = {
			isa = XCBuildConfiguration;
			buildSettings = {
				ALWAYS_SEARCH_USER_PATHS = NO;
				CLANG_ANALYZER_NONNULL = YES;
				CLANG_ANALYZER_NUMBER_OBJECT_CONVERSION = YES_AGGRESSIVE;
				CLANG_CXX_LANGUAGE_STANDARD = "gnu++14";
				CLANG_CXX_LIBRARY = "libc++";
				CLANG_ENABLE_MODULES = YES;
				CLANG_ENABLE_OBJC_ARC = YES;
				CLANG_ENABLE_OBJC_WEAK = YES;
				CLANG_WARN_BLOCK_CAPTURE_AUTORELEASING = YES;
				CLANG_WARN_BOOL_CONVERSION = YES;
				CLANG_WARN_COMMA = YES;
				CLANG_WARN_CONSTANT_CONVERSION = YES;
				CLANG_WARN_DEPRECATED_OBJC_IMPLEMENTATIONS = YES;
				CLANG_WARN_DIRECT_OBJC_ISA_USAGE = YES_ERROR;
				CLANG_WARN_DOCUMENTATION_COMMENTS = YES;
				CLANG_WARN_EMPTY_BODY = YES;
				CLANG_WARN_ENUM_CONVERSION = YES;
				CLANG_WARN_INFINITE_RECURSION = YES;
				CLANG_WARN_INT_CONVERSION = YES;
				CLANG_WARN_NON_LITERAL_NULL_CONVERSION = YES;
				CLANG_WARN_OBJC_IMPLICIT_RETAIN_SELF = YES;
				CLANG_WARN_OBJC_LITERAL_CONVERSION = YES;
				CLANG_WARN_OBJC_ROOT_CLASS = YES_ERROR;
				CLANG_WARN_QUOTED_INCLUDE_IN_FRAMEWORK_HEADER = YES;
				CLANG_WARN_RANGE_LOOP_ANALYSIS = YES;
				CLANG_WARN_STRICT_PROTOTYPES = YES;
				CLANG_WARN_SUSPICIOUS_MOVE = YES;
				CLANG_WARN_UNGUARDED_AVAILABILITY = YES_AGGRESSIVE;
				CLANG_WARN_UNREACHABLE_CODE = YES;
				CLANG_WARN__DUPLICATE_METHOD_MATCH = YES;
				COPY_PHASE_STRIP = NO;
				DEBUG_INFORMATION_FORMAT = dwarf;
				ENABLE_STRICT_OBJC_MSGSEND = YES;
				ENABLE_TESTABILITY = YES;
				GCC_C_LANGUAGE_STANDARD = gnu11;
				GCC_DYNAMIC_NO_PIC = NO;
				GCC_NO_COMMON_BLOCKS = YES;
				GCC_OPTIMIZATION_LEVEL = 0;
				GCC_PREPROCESSOR_DEFINITIONS = (
					"DEBUG=1",
					"$(inherited)",
				);
				GCC_WARN_64_TO_32_BIT_CONVERSION = YES;
				GCC_WARN_ABOUT_RETURN_TYPE = YES_ERROR;
				GCC_WARN_UNDECLARED_SELECTOR = YES;
				GCC_WARN_UNINITIALIZED_AUTOS = YES_AGGRESSIVE;
				GCC_WARN_UNUSED_FUNCTION = YES;
				GCC_WARN_UNUSED_VARIABLE = YES;
				IPHONEOS_DEPLOYMENT_TARGET = 14.5;
				MTL_ENABLE_DEBUG_INFO = INCLUDE_SOURCE;
				MTL_FAST_MATH = YES;
				ONLY_ACTIVE_ARCH = YES;
				SDKROOT = iphoneos;
				SWIFT_ACTIVE_COMPILATION_CONDITIONS = DEBUG;
				SWIFT_OPTIMIZATION_LEVEL = "-Onone";
			};
			name = Debug;
		};
		34888C77264CE8C8004E69E2 /* Release */ = {
			isa = XCBuildConfiguration;
			buildSettings = {
				ALWAYS_SEARCH_USER_PATHS = NO;
				CLANG_ANALYZER_NONNULL = YES;
				CLANG_ANALYZER_NUMBER_OBJECT_CONVERSION = YES_AGGRESSIVE;
				CLANG_CXX_LANGUAGE_STANDARD = "gnu++14";
				CLANG_CXX_LIBRARY = "libc++";
				CLANG_ENABLE_MODULES = YES;
				CLANG_ENABLE_OBJC_ARC = YES;
				CLANG_ENABLE_OBJC_WEAK = YES;
				CLANG_WARN_BLOCK_CAPTURE_AUTORELEASING = YES;
				CLANG_WARN_BOOL_CONVERSION = YES;
				CLANG_WARN_COMMA = YES;
				CLANG_WARN_CONSTANT_CONVERSION = YES;
				CLANG_WARN_DEPRECATED_OBJC_IMPLEMENTATIONS = YES;
				CLANG_WARN_DIRECT_OBJC_ISA_USAGE = YES_ERROR;
				CLANG_WARN_DOCUMENTATION_COMMENTS = YES;
				CLANG_WARN_EMPTY_BODY = YES;
				CLANG_WARN_ENUM_CONVERSION = YES;
				CLANG_WARN_INFINITE_RECURSION = YES;
				CLANG_WARN_INT_CONVERSION = YES;
				CLANG_WARN_NON_LITERAL_NULL_CONVERSION = YES;
				CLANG_WARN_OBJC_IMPLICIT_RETAIN_SELF = YES;
				CLANG_WARN_OBJC_LITERAL_CONVERSION = YES;
				CLANG_WARN_OBJC_ROOT_CLASS = YES_ERROR;
				CLANG_WARN_QUOTED_INCLUDE_IN_FRAMEWORK_HEADER = YES;
				CLANG_WARN_RANGE_LOOP_ANALYSIS = YES;
				CLANG_WARN_STRICT_PROTOTYPES = YES;
				CLANG_WARN_SUSPICIOUS_MOVE = YES;
				CLANG_WARN_UNGUARDED_AVAILABILITY = YES_AGGRESSIVE;
				CLANG_WARN_UNREACHABLE_CODE = YES;
				CLANG_WARN__DUPLICATE_METHOD_MATCH = YES;
				COPY_PHASE_STRIP = NO;
				DEBUG_INFORMATION_FORMAT = "dwarf-with-dsym";
				ENABLE_NS_ASSERTIONS = NO;
				ENABLE_STRICT_OBJC_MSGSEND = YES;
				GCC_C_LANGUAGE_STANDARD = gnu11;
				GCC_NO_COMMON_BLOCKS = YES;
				GCC_WARN_64_TO_32_BIT_CONVERSION = YES;
				GCC_WARN_ABOUT_RETURN_TYPE = YES_ERROR;
				GCC_WARN_UNDECLARED_SELECTOR = YES;
				GCC_WARN_UNINITIALIZED_AUTOS = YES_AGGRESSIVE;
				GCC_WARN_UNUSED_FUNCTION = YES;
				GCC_WARN_UNUSED_VARIABLE = YES;
				IPHONEOS_DEPLOYMENT_TARGET = 14.5;
				MTL_ENABLE_DEBUG_INFO = NO;
				MTL_FAST_MATH = YES;
				SDKROOT = iphoneos;
				SWIFT_COMPILATION_MODE = wholemodule;
				SWIFT_OPTIMIZATION_LEVEL = "-O";
				VALIDATE_PRODUCT = YES;
			};
			name = Release;
		};
		34888C79264CE8C8004E69E2 /* Debug */ = {
			isa = XCBuildConfiguration;
			buildSettings = {
				ASSETCATALOG_COMPILER_APPICON_NAME = AppIcon;
				ASSETCATALOG_COMPILER_GLOBAL_ACCENT_COLOR_NAME = AccentColor;
				CODE_SIGN_STYLE = Automatic;
				INFOPLIST_FILE = GSHome/Info.plist;
				LD_RUNPATH_SEARCH_PATHS = (
					"$(inherited)",
					"@executable_path/Frameworks",
				);
				PRODUCT_BUNDLE_IDENTIFIER = babybus.GSHome;
				PRODUCT_NAME = "$(TARGET_NAME)";
				SWIFT_VERSION = 5.0;
				TARGETED_DEVICE_FAMILY = "1,2";
			};
			name = Debug;
		};
		34888C7A264CE8C8004E69E2 /* Release */ = {
			isa = XCBuildConfiguration;
			buildSettings = {
				ASSETCATALOG_COMPILER_APPICON_NAME = AppIcon;
				ASSETCATALOG_COMPILER_GLOBAL_ACCENT_COLOR_NAME = AccentColor;
				CODE_SIGN_STYLE = Automatic;
				INFOPLIST_FILE = GSHome/Info.plist;
				LD_RUNPATH_SEARCH_PATHS = (
					"$(inherited)",
					"@executable_path/Frameworks",
				);
				PRODUCT_BUNDLE_IDENTIFIER = babybus.GSHome;
				PRODUCT_NAME = "$(TARGET_NAME)";
				SWIFT_VERSION = 5.0;
				TARGETED_DEVICE_FAMILY = "1,2";
			};
			name = Release;
		};
/* End XCBuildConfiguration section */

/* Begin XCConfigurationList section */
		34888C5F264CE8C7004E69E2 /* Build configuration list for PBXProject "GSHome" */ = {
			isa = XCConfigurationList;
			buildConfigurations = (
				34888C76264CE8C8004E69E2 /* Debug */,
				34888C77264CE8C8004E69E2 /* Release */,
			);
			defaultConfigurationIsVisible = 0;
			defaultConfigurationName = Release;
		};
		34888C78264CE8C8004E69E2 /* Build configuration list for PBXNativeTarget "GSHome" */ = {
			isa = XCConfigurationList;
			buildConfigurations = (
				34888C79264CE8C8004E69E2 /* Debug */,
				34888C7A264CE8C8004E69E2 /* Release */,
			);
			defaultConfigurationIsVisible = 0;
			defaultConfigurationName = Release;
		};
/* End XCConfigurationList section */

/* Begin XCRemoteSwiftPackageReference section */
		347D0D3E264E2142009C757A /* XCRemoteSwiftPackageReference "SDWebImage" */ = {
			isa = XCRemoteSwiftPackageReference;
			repositoryURL = "http://git.babybus.co/Babybus-iOS/GitMirrors/iOS/SDWebImage.git";
			requirement = {
				kind = upToNextMajorVersion;
				minimumVersion = 5.11.1;
			};
		};
/* End XCRemoteSwiftPackageReference section */

/* Begin XCSwiftPackageProductDependency section */
		347D0D3F264E2142009C757A /* SDWebImage */ = {
			isa = XCSwiftPackageProductDependency;
			package = 347D0D3E264E2142009C757A /* XCRemoteSwiftPackageReference "SDWebImage" */;
			productName = SDWebImage;
		};
/* End XCSwiftPackageProductDependency section */
	};
	rootObject = 34888C5C264CE8C7004E69E2 /* Project object */;
}
